
Microsoft Visual Studio Solution File, Format Version 12.00
# Visual Studio Version 17
VisualStudioVersion = 17.13.35825.156 d17.13
MinimumVisualStudioVersion = 10.0.40219.1
Project("{FAE04EC0-301F-11D3-BF4B-00C04F79EFBC}") = "Muthoot", "Muthoot\Muthoot.csproj", "{45826D01-D2D1-47F5-BB16-DA733C55BBA2}"
EndProject
Global
	GlobalSection(SolutionConfigurationPlatforms) = preSolution
		Debug|Any CPU = Debug|Any CPU
		Release|Any CPU = Release|Any CPU
	EndGlobalSection
	GlobalSection(ProjectConfigurationPlatforms) = postSolution
		{45826D01-D2D1-47F5-BB16-DA733C55BBA2}.Debug|Any CPU.ActiveCfg = Debug|Any CPU
		{45826D01-D2D1-47F5-BB16-DA733C55BBA2}.Debug|Any CPU.Build.0 = Debug|Any CPU
		{45826D01-D2D1-47F5-BB16-DA733C55BBA2}.Release|Any CPU.ActiveCfg = Release|Any CPU
		{45826D01-D2D1-47F5-BB16-DA733C55BBA2}.Release|Any CPU.Build.0 = Release|Any CPU
	EndGlobalSection
	GlobalSection(SolutionProperties) = preSolution
		HideSolutionNode = FALSE
	EndGlobalSection
	GlobalSection(ExtensibilityGlobals) = postSolution
		SolutionGuid = {09E4A33D-76F6-4AE6-85B3-77B568E27928}
	EndGlobalSection
EndGlobal
